
Microsoft Visual Studio Solution File, Format Version 12.00
# Visual Studio 16
Project("{FAE04EC0-301F-11D3-BF4B-00C04F79EFBC}") = "Assembly-CSharp", "Assembly-CSharp.csproj", "{749A2AF0-B75F-C6CD-C9E3-D2EC75384570}"
EndProject
Global
	GlobalSection(SolutionConfigurationPlatforms) = preSolution
		Debug|Any CPU = Debug|Any CPU
		Release|Any CPU = Release|Any CPU
	EndGlobalSection
	GlobalSection(ProjectConfigurationPlatforms) = postSolution
		{749A2AF0-B75F-C6CD-C9E3-D2EC75384570}.Debug|Any CPU.ActiveCfg = Debug|Any CPU
		{749A2AF0-B75F-C6CD-C9E3-D2EC75384570}.Debug|Any CPU.Build.0 = Debug|Any CPU
		{749A2AF0-B75F-C6CD-C9E3-D2EC75384570}.Release|Any CPU.ActiveCfg = Release|Any CPU
		{749A2AF0-B75F-C6CD-C9E3-D2EC75384570}.Release|Any CPU.Build.0 = Release|Any CPU
	EndGlobalSection
	GlobalSection(SolutionProperties) = preSolution
		HideSolutionNode = FALSE
	EndGlobalSection
EndGlobal
